
Microsoft Visual Studio Solution File, Format Version 12.00
# Visual Studio 14
VisualStudioVersion = 14.0.25420.1
MinimumVisualStudioVersion = 10.0.40219.1
Project("{8BC9CEB8-8B4A-11D0-8D11-00A0C91BC942}") = "ArchOptimum", "ArchOptimum\ArchOptimum.vcxproj", "{6A1D1806-41D7-4F7C-B2AB-00764C7EBF85}"
	ProjectSection(ProjectDependencies) = postProject
		{4091A207-70E5-40E5-8D3E-8CC97F8B04B6} = {4091A207-70E5-40E5-8D3E-8CC97F8B04B6}
		{0B95D89B-28C7-4A14-93FC-E0DFE01BA324} = {0B95D89B-28C7-4A14-93FC-E0DFE01BA324}
		{C78D279D-C532-4D74-B2B3-A42CB9786A92} = {C78D279D-C532-4D74-B2B3-A42CB9786A92}
		{B5C06EA8-0F45-4555-91D3-695AAAD37D92} = {B5C06EA8-0F45-4555-91D3-695AAAD37D92}
		{3D57BFED-D5C9-4B29-9C3C-6B941F736EDC} = {3D57BFED-D5C9-4B29-9C3C-6B941F736EDC}
		{DED3FEFD-2E61-47CD-8F38-7D9985EEB845} = {DED3FEFD-2E61-47CD-8F38-7D9985EEB845}
	EndProjectSection
EndProject
Project("{8BC9CEB8-8B4A-11D0-8D11-00A0C91BC942}") = "Arquivo", "Arquivo\Arquivo.vcxproj", "{0B95D89B-28C7-4A14-93FC-E0DFE01BA324}"
	ProjectSection(ProjectDependencies) = postProject
		{B5C06EA8-0F45-4555-91D3-695AAAD37D92} = {B5C06EA8-0F45-4555-91D3-695AAAD37D92}
	EndProjectSection
EndProject
Project("{8BC9CEB8-8B4A-11D0-8D11-00A0C91BC942}") = "Exceção", "Excecao\Excecao.vcxproj", "{B5C06EA8-0F45-4555-91D3-695AAAD37D92}"
EndProject
Project("{8BC9CEB8-8B4A-11D0-8D11-00A0C91BC942}") = "Geometria", "Geometria\Geometria.vcxproj", "{C78D279D-C532-4D74-B2B3-A42CB9786A92}"
	ProjectSection(ProjectDependencies) = postProject
		{0B95D89B-28C7-4A14-93FC-E0DFE01BA324} = {0B95D89B-28C7-4A14-93FC-E0DFE01BA324}
		{B5C06EA8-0F45-4555-91D3-695AAAD37D92} = {B5C06EA8-0F45-4555-91D3-695AAAD37D92}
		{DED3FEFD-2E61-47CD-8F38-7D9985EEB845} = {DED3FEFD-2E61-47CD-8F38-7D9985EEB845}
	EndProjectSection
EndProject
Project("{8BC9CEB8-8B4A-11D0-8D11-00A0C91BC942}") = "Objeto 3D", "Objeto3D\Objeto3D.vcxproj", "{4091A207-70E5-40E5-8D3E-8CC97F8B04B6}"
	ProjectSection(ProjectDependencies) = postProject
		{0B95D89B-28C7-4A14-93FC-E0DFE01BA324} = {0B95D89B-28C7-4A14-93FC-E0DFE01BA324}
		{C78D279D-C532-4D74-B2B3-A42CB9786A92} = {C78D279D-C532-4D74-B2B3-A42CB9786A92}
		{B5C06EA8-0F45-4555-91D3-695AAAD37D92} = {B5C06EA8-0F45-4555-91D3-695AAAD37D92}
		{DED3FEFD-2E61-47CD-8F38-7D9985EEB845} = {DED3FEFD-2E61-47CD-8F38-7D9985EEB845}
	EndProjectSection
EndProject
Project("{8BC9CEB8-8B4A-11D0-8D11-00A0C91BC942}") = "Serialização", "Serializacao\Serializacao.vcxproj", "{DED3FEFD-2E61-47CD-8F38-7D9985EEB845}"
	ProjectSection(ProjectDependencies) = postProject
		{0B95D89B-28C7-4A14-93FC-E0DFE01BA324} = {0B95D89B-28C7-4A14-93FC-E0DFE01BA324}
		{B5C06EA8-0F45-4555-91D3-695AAAD37D92} = {B5C06EA8-0F45-4555-91D3-695AAAD37D92}
	EndProjectSection
EndProject
Project("{8BC9CEB8-8B4A-11D0-8D11-00A0C91BC942}") = "Sistemas Inteligentes", "SistInteligentes\SistInteligentes.vcxproj", "{3D57BFED-D5C9-4B29-9C3C-6B941F736EDC}"
	ProjectSection(ProjectDependencies) = postProject
		{4091A207-70E5-40E5-8D3E-8CC97F8B04B6} = {4091A207-70E5-40E5-8D3E-8CC97F8B04B6}
		{0B95D89B-28C7-4A14-93FC-E0DFE01BA324} = {0B95D89B-28C7-4A14-93FC-E0DFE01BA324}
		{C78D279D-C532-4D74-B2B3-A42CB9786A92} = {C78D279D-C532-4D74-B2B3-A42CB9786A92}
		{B5C06EA8-0F45-4555-91D3-695AAAD37D92} = {B5C06EA8-0F45-4555-91D3-695AAAD37D92}
		{DED3FEFD-2E61-47CD-8F38-7D9985EEB845} = {DED3FEFD-2E61-47CD-8F38-7D9985EEB845}
	EndProjectSection
EndProject
Global
	GlobalSection(SolutionConfigurationPlatforms) = preSolution
		Debug|ARM = Debug|ARM
		Debug|x64 = Debug|x64
		Debug|x86 = Debug|x86
		Release|ARM = Release|ARM
		Release|x64 = Release|x64
		Release|x86 = Release|x86
	EndGlobalSection
	GlobalSection(ProjectConfigurationPlatforms) = postSolution
		{6A1D1806-41D7-4F7C-B2AB-00764C7EBF85}.Debug|ARM.ActiveCfg = Debug|Win32
		{6A1D1806-41D7-4F7C-B2AB-00764C7EBF85}.Debug|x64.ActiveCfg = Debug|x64
		{6A1D1806-41D7-4F7C-B2AB-00764C7EBF85}.Debug|x64.Build.0 = Debug|x64
		{6A1D1806-41D7-4F7C-B2AB-00764C7EBF85}.Debug|x86.ActiveCfg = Debug|Win32
		{6A1D1806-41D7-4F7C-B2AB-00764C7EBF85}.Debug|x86.Build.0 = Debug|Win32
		{6A1D1806-41D7-4F7C-B2AB-00764C7EBF85}.Release|ARM.ActiveCfg = Release|Win32
		{6A1D1806-41D7-4F7C-B2AB-00764C7EBF85}.Release|x64.ActiveCfg = Release|x64
		{6A1D1806-41D7-4F7C-B2AB-00764C7EBF85}.Release|x64.Build.0 = Release|x64
		{6A1D1806-41D7-4F7C-B2AB-00764C7EBF85}.Release|x86.ActiveCfg = Release|Win32
		{6A1D1806-41D7-4F7C-B2AB-00764C7EBF85}.Release|x86.Build.0 = Release|Win32
		{0B95D89B-28C7-4A14-93FC-E0DFE01BA324}.Debug|ARM.ActiveCfg = Debug|ARM
		{0B95D89B-28C7-4A14-93FC-E0DFE01BA324}.Debug|ARM.Build.0 = Debug|ARM
		{0B95D89B-28C7-4A14-93FC-E0DFE01BA324}.Debug|x64.ActiveCfg = Debug|x64
		{0B95D89B-28C7-4A14-93FC-E0DFE01BA324}.Debug|x64.Build.0 = Debug|x64
		{0B95D89B-28C7-4A14-93FC-E0DFE01BA324}.Debug|x86.ActiveCfg = Debug|Win32
		{0B95D89B-28C7-4A14-93FC-E0DFE01BA324}.Debug|x86.Build.0 = Debug|Win32
		{0B95D89B-28C7-4A14-93FC-E0DFE01BA324}.Release|ARM.ActiveCfg = Release|ARM
		{0B95D89B-28C7-4A14-93FC-E0DFE01BA324}.Release|ARM.Build.0 = Release|ARM
		{0B95D89B-28C7-4A14-93FC-E0DFE01BA324}.Release|x64.ActiveCfg = Release|x64
		{0B95D89B-28C7-4A14-93FC-E0DFE01BA324}.Release|x64.Build.0 = Release|x64
		{0B95D89B-28C7-4A14-93FC-E0DFE01BA324}.Release|x86.ActiveCfg = Release|Win32
		{0B95D89B-28C7-4A14-93FC-E0DFE01BA324}.Release|x86.Build.0 = Release|Win32
		{B5C06EA8-0F45-4555-91D3-695AAAD37D92}.Debug|ARM.ActiveCfg = Debug|ARM
		{B5C06EA8-0F45-4555-91D3-695AAAD37D92}.Debug|ARM.Build.0 = Debug|ARM
		{B5C06EA8-0F45-4555-91D3-695AAAD37D92}.Debug|x64.ActiveCfg = Debug|x64
		{B5C06EA8-0F45-4555-91D3-695AAAD37D92}.Debug|x64.Build.0 = Debug|x64
		{B5C06EA8-0F45-4555-91D3-695AAAD37D92}.Debug|x86.ActiveCfg = Debug|Win32
		{B5C06EA8-0F45-4555-91D3-695AAAD37D92}.Debug|x86.Build.0 = Debug|Win32
		{B5C06EA8-0F45-4555-91D3-695AAAD37D92}.Release|ARM.ActiveCfg = Release|ARM
		{B5C06EA8-0F45-4555-91D3-695AAAD37D92}.Release|ARM.Build.0 = Release|ARM
		{B5C06EA8-0F45-4555-91D3-695AAAD37D92}.Release|x64.ActiveCfg = Release|x64
		{B5C06EA8-0F45-4555-91D3-695AAAD37D92}.Release|x64.Build.0 = Release|x64
		{B5C06EA8-0F45-4555-91D3-695AAAD37D92}.Release|x86.ActiveCfg = Release|Win32
		{B5C06EA8-0F45-4555-91D3-695AAAD37D92}.Release|x86.Build.0 = Release|Win32
		{C78D279D-C532-4D74-B2B3-A42CB9786A92}.Debug|ARM.ActiveCfg = Debug|ARM
		{C78D279D-C532-4D74-B2B3-A42CB9786A92}.Debug|ARM.Build.0 = Debug|ARM
		{C78D279D-C532-4D74-B2B3-A42CB9786A92}.Debug|x64.ActiveCfg = Debug|x64
		{C78D279D-C532-4D74-B2B3-A42CB9786A92}.Debug|x64.Build.0 = Debug|x64
		{C78D279D-C532-4D74-B2B3-A42CB9786A92}.Debug|x86.ActiveCfg = Debug|Win32
		{C78D279D-C532-4D74-B2B3-A42CB9786A92}.Debug|x86.Build.0 = Debug|Win32
		{C78D279D-C532-4D74-B2B3-A42CB9786A92}.Release|ARM.ActiveCfg = Release|ARM
		{C78D279D-C532-4D74-B2B3-A42CB9786A92}.Release|ARM.Build.0 = Release|ARM
		{C78D279D-C532-4D74-B2B3-A42CB9786A92}.Release|x64.ActiveCfg = Release|x64
		{C78D279D-C532-4D74-B2B3-A42CB9786A92}.Release|x64.Build.0 = Release|x64
		{C78D279D-C532-4D74-B2B3-A42CB9786A92}.Release|x86.ActiveCfg = Release|Win32
		{C78D279D-C532-4D74-B2B3-A42CB9786A92}.Release|x86.Build.0 = Release|Win32
		{4091A207-70E5-40E5-8D3E-8CC97F8B04B6}.Debug|ARM.ActiveCfg = Debug|ARM
		{4091A207-70E5-40E5-8D3E-8CC97F8B04B6}.Debug|ARM.Build.0 = Debug|ARM
		{4091A207-70E5-40E5-8D3E-8CC97F8B04B6}.Debug|x64.ActiveCfg = Debug|x64
		{4091A207-70E5-40E5-8D3E-8CC97F8B04B6}.Debug|x64.Build.0 = Debug|x64
		{4091A207-70E5-40E5-8D3E-8CC97F8B04B6}.Debug|x86.ActiveCfg = Debug|Win32
		{4091A207-70E5-40E5-8D3E-8CC97F8B04B6}.Debug|x86.Build.0 = Debug|Win32
		{4091A207-70E5-40E5-8D3E-8CC97F8B04B6}.Release|ARM.ActiveCfg = Release|ARM
		{4091A207-70E5-40E5-8D3E-8CC97F8B04B6}.Release|ARM.Build.0 = Release|ARM
		{4091A207-70E5-40E5-8D3E-8CC97F8B04B6}.Release|x64.ActiveCfg = Release|x64
		{4091A207-70E5-40E5-8D3E-8CC97F8B04B6}.Release|x64.Build.0 = Release|x64
		{4091A207-70E5-40E5-8D3E-8CC97F8B04B6}.Release|x86.ActiveCfg = Release|Win32
		{4091A207-70E5-40E5-8D3E-8CC97F8B04B6}.Release|x86.Build.0 = Release|Win32
		{DED3FEFD-2E61-47CD-8F38-7D9985EEB845}.Debug|ARM.ActiveCfg = Debug|ARM
		{DED3FEFD-2E61-47CD-8F38-7D9985EEB845}.Debug|ARM.Build.0 = Debug|ARM
		{DED3FEFD-2E61-47CD-8F38-7D9985EEB845}.Debug|x64.ActiveCfg = Debug|x64
		{DED3FEFD-2E61-47CD-8F38-7D9985EEB845}.Debug|x64.Build.0 = Debug|x64
		{DED3FEFD-2E61-47CD-8F38-7D9985EEB845}.Debug|x86.ActiveCfg = Debug|Win32
		{DED3FEFD-2E61-47CD-8F38-7D9985EEB845}.Debug|x86.Build.0 = Debug|Win32
		{DED3FEFD-2E61-47CD-8F38-7D9985EEB845}.Release|ARM.ActiveCfg = Release|ARM
		{DED3FEFD-2E61-47CD-8F38-7D9985EEB845}.Release|ARM.Build.0 = Release|ARM
		{DED3FEFD-2E61-47CD-8F38-7D9985EEB845}.Release|x64.ActiveCfg = Release|x64
		{DED3FEFD-2E61-47CD-8F38-7D9985EEB845}.Release|x64.Build.0 = Release|x64
		{DED3FEFD-2E61-47CD-8F38-7D9985EEB845}.Release|x86.ActiveCfg = Release|Win32
		{DED3FEFD-2E61-47CD-8F38-7D9985EEB845}.Release|x86.Build.0 = Release|Win32
		{3D57BFED-D5C9-4B29-9C3C-6B941F736EDC}.Debug|ARM.ActiveCfg = Debug|ARM
		{3D57BFED-D5C9-4B29-9C3C-6B941F736EDC}.Debug|ARM.Build.0 = Debug|ARM
		{3D57BFED-D5C9-4B29-9C3C-6B941F736EDC}.Debug|x64.ActiveCfg = Debug|x64
		{3D57BFED-D5C9-4B29-9C3C-6B941F736EDC}.Debug|x64.Build.0 = Debug|x64
		{3D57BFED-D5C9-4B29-9C3C-6B941F736EDC}.Debug|x86.ActiveCfg = Debug|Win32
		{3D57BFED-D5C9-4B29-9C3C-6B941F736EDC}.Debug|x86.Build.0 = Debug|Win32
		{3D57BFED-D5C9-4B29-9C3C-6B941F736EDC}.Release|ARM.ActiveCfg = Release|ARM
		{3D57BFED-D5C9-4B29-9C3C-6B941F736EDC}.Release|ARM.Build.0 = Release|ARM
		{3D57BFED-D5C9-4B29-9C3C-6B941F736EDC}.Release|x64.ActiveCfg = Release|x64
		{3D57BFED-D5C9-4B29-9C3C-6B941F736EDC}.Release|x64.Build.0 = Release|x64
		{3D57BFED-D5C9-4B29-9C3C-6B941F736EDC}.Release|x86.ActiveCfg = Release|Win32
		{3D57BFED-D5C9-4B29-9C3C-6B941F736EDC}.Release|x86.Build.0 = Release|Win32
	EndGlobalSection
	GlobalSection(SolutionProperties) = preSolution
		HideSolutionNode = FALSE
	EndGlobalSection
EndGlobal
